
Microsoft Visual Studio Solution File, Format Version 12.00
# Visual Studio Version 17
VisualStudioVersion = 17.1.32421.90
MinimumVisualStudioVersion = 10.0.40219.1
Project("{9A19103F-16F7-4668-BE54-9A1E7A4F7556}") = "RegressBioA.WPF", "RegressBioA.WPF\RegressBioA.WPF.csproj", "{29EF5194-E969-4371-A888-512920BCFBB1}"
EndProject
Project("{9A19103F-16F7-4668-BE54-9A1E7A4F7556}") = "RegressBioA.Domain", "RegressBioA.Domain\RegressBioA.Domain.csproj", "{F667B59E-C7EA-4926-B299-77176DC28D02}"
EndProject
Project("{9A19103F-16F7-4668-BE54-9A1E7A4F7556}") = "RegressBioA.EntityFramework", "RegressBioA.EntityFramework\RegressBioA.EntityFramework.csproj", "{9FF45DD2-8FA0-41E9-9509-D6198BE1E42F}"
EndProject
Global
	GlobalSection(SolutionConfigurationPlatforms) = preSolution
		Debug|Any CPU = Debug|Any CPU
		Release|Any CPU = Release|Any CPU
	EndGlobalSection
	GlobalSection(ProjectConfigurationPlatforms) = postSolution
		{29EF5194-E969-4371-A888-512920BCFBB1}.Debug|Any CPU.ActiveCfg = Debug|Any CPU
		{29EF5194-E969-4371-A888-512920BCFBB1}.Debug|Any CPU.Build.0 = Debug|Any CPU
		{29EF5194-E969-4371-A888-512920BCFBB1}.Release|Any CPU.ActiveCfg = Release|Any CPU
		{29EF5194-E969-4371-A888-512920BCFBB1}.Release|Any CPU.Build.0 = Release|Any CPU
		{F667B59E-C7EA-4926-B299-77176DC28D02}.Debug|Any CPU.ActiveCfg = Debug|Any CPU
		{F667B59E-C7EA-4926-B299-77176DC28D02}.Debug|Any CPU.Build.0 = Debug|Any CPU
		{F667B59E-C7EA-4926-B299-77176DC28D02}.Release|Any CPU.ActiveCfg = Release|Any CPU
		{F667B59E-C7EA-4926-B299-77176DC28D02}.Release|Any CPU.Build.0 = Release|Any CPU
		{9FF45DD2-8FA0-41E9-9509-D6198BE1E42F}.Debug|Any CPU.ActiveCfg = Debug|Any CPU
		{9FF45DD2-8FA0-41E9-9509-D6198BE1E42F}.Debug|Any CPU.Build.0 = Debug|Any CPU
		{9FF45DD2-8FA0-41E9-9509-D6198BE1E42F}.Release|Any CPU.ActiveCfg = Release|Any CPU
		{9FF45DD2-8FA0-41E9-9509-D6198BE1E42F}.Release|Any CPU.Build.0 = Release|Any CPU
	EndGlobalSection
	GlobalSection(SolutionProperties) = preSolution
		HideSolutionNode = FALSE
	EndGlobalSection
	GlobalSection(ExtensibilityGlobals) = postSolution
		SolutionGuid = {7A55C8AC-5BD1-41C1-886A-8BF3EDC3AA83}
	EndGlobalSection
EndGlobal
